
Microsoft Visual Studio Solution File, Format Version 12.00
# Visual Studio 15
VisualStudioVersion = 15.0.28307.168
MinimumVisualStudioVersion = 10.0.40219.1
Project("{8BC9CEB8-8B4A-11D0-8D11-00A0C91BC942}") = "Threads", "Threads\Threads.vcxproj", "{49C074E8-1923-4D3A-A6BB-7EE2DC9BA1EA}"
EndProject
Global
	GlobalSection(SolutionConfigurationPlatforms) = preSolution
		Debug|x64 = Debug|x64
		Release|x64 = Release|x64
	EndGlobalSection
	GlobalSection(ProjectConfigurationPlatforms) = postSolution
		{49C074E8-1923-4D3A-A6BB-7EE2DC9BA1EA}.Debug|x64.ActiveCfg = Debug|x64
		{49C074E8-1923-4D3A-A6BB-7EE2DC9BA1EA}.Debug|x64.Build.0 = Debug|x64
		{49C074E8-1923-4D3A-A6BB-7EE2DC9BA1EA}.Release|x64.ActiveCfg = Release|x64
		{49C074E8-1923-4D3A-A6BB-7EE2DC9BA1EA}.Release|x64.Build.0 = Release|x64
	EndGlobalSection
	GlobalSection(SolutionProperties) = preSolution
		HideSolutionNode = FALSE
	EndGlobalSection
	GlobalSection(ExtensibilityGlobals) = postSolution
		SolutionGuid = {42A7AA49-5E05-4AA3-BC97-3ECCA8DDBAE4}
	EndGlobalSection
EndGlobal
